
Microsoft Visual Studio Solution File, Format Version 12.00
# Visual Studio Version 16
VisualStudioVersion = 16.0.32126.315
MinimumVisualStudioVersion = 10.0.40219.1
Project("{FAE04EC0-301F-11D3-BF4B-00C04F79EFBC}") = "Задание2", "Задание2.csproj", "{EBB1A00B-4360-4F5C-87FB-292890886701}"
EndProject
Global
	GlobalSection(SolutionConfigurationPlatforms) = preSolution
		Debug|Any CPU = Debug|Any CPU
		Release|Any CPU = Release|Any CPU
	EndGlobalSection
	GlobalSection(ProjectConfigurationPlatforms) = postSolution
		{EBB1A00B-4360-4F5C-87FB-292890886701}.Debug|Any CPU.ActiveCfg = Debug|Any CPU
		{EBB1A00B-4360-4F5C-87FB-292890886701}.Debug|Any CPU.Build.0 = Debug|Any CPU
		{EBB1A00B-4360-4F5C-87FB-292890886701}.Release|Any CPU.ActiveCfg = Release|Any CPU
		{EBB1A00B-4360-4F5C-87FB-292890886701}.Release|Any CPU.Build.0 = Release|Any CPU
	EndGlobalSection
	GlobalSection(SolutionProperties) = preSolution
		HideSolutionNode = FALSE
	EndGlobalSection
	GlobalSection(ExtensibilityGlobals) = postSolution
		SolutionGuid = {AB9FFBB8-3060-4F84-946F-125BEED73403}
	EndGlobalSection
EndGlobal
