
Microsoft Visual Studio Solution File, Format Version 12.00
# Visual Studio Version 16
VisualStudioVersion = 16.0.32901.82
MinimumVisualStudioVersion = 10.0.40219.1
Project("{FAE04EC0-301F-11D3-BF4B-00C04F79EFBC}") = "Задание4", "Задание4.csproj", "{DD663486-8571-4C1B-A383-3BF0CB128C34}"
EndProject
Global
	GlobalSection(SolutionConfigurationPlatforms) = preSolution
		Debug|Any CPU = Debug|Any CPU
		Release|Any CPU = Release|Any CPU
	EndGlobalSection
	GlobalSection(ProjectConfigurationPlatforms) = postSolution
		{DD663486-8571-4C1B-A383-3BF0CB128C34}.Debug|Any CPU.ActiveCfg = Debug|Any CPU
		{DD663486-8571-4C1B-A383-3BF0CB128C34}.Debug|Any CPU.Build.0 = Debug|Any CPU
		{DD663486-8571-4C1B-A383-3BF0CB128C34}.Release|Any CPU.ActiveCfg = Release|Any CPU
		{DD663486-8571-4C1B-A383-3BF0CB128C34}.Release|Any CPU.Build.0 = Release|Any CPU
	EndGlobalSection
	GlobalSection(SolutionProperties) = preSolution
		HideSolutionNode = FALSE
	EndGlobalSection
	GlobalSection(ExtensibilityGlobals) = postSolution
		SolutionGuid = {61698745-4A99-4F66-B932-91DD84FBF576}
	EndGlobalSection
EndGlobal
